// !$*UTF8*$!
{
	archiveVersion = 1;
	classes = {
	};
	objectVersion = 90;
	objects = {

/* Begin PBXBuildFile section */
		000000000000000000000150 /* MannerPathWatch Watch App.app in Embed Watch Content */ = {isa = PBXBuildFile; fileRef = 3F1AF77B305EFE5100984937 /* MannerPathWatch Watch App.app */; settings = {ATTRIBUTES = (RemoveHeadersOnCopy, ); }; };
		000000000000000000000310 /* slippy-xyz-vectors.v1.json in Resources */ = {isa = PBXBuildFile; fileRef = 000000000000000000000300 /* slippy-xyz-vectors.v1.json */; };
		000000000000000000000311 /* client-data-vectors.v1.json in Resources */ = {isa = PBXBuildFile; fileRef = 000000000000000000000301 /* client-data-vectors.v1.json */; };
		4E7D6A010000000000000001 /* GRDB in Frameworks */ = {isa = PBXBuildFile; productRef = 4E7D6A010000000000000003 /* GRDB */; };
/* End PBXBuildFile section */

/* Begin PBXContainerItemProxy section */
		000000000000000000000160 /* PBXContainerItemProxy */ = {
			isa = PBXContainerItemProxy;
			containerPortal = 000000000000000000000000 /* Project object */;
			proxyType = 1;
			remoteGlobalIDString = 3F1AF77A305EFE5100984937;
			remoteInfo = "MannerPathWatch Watch App";
		};
		000000000000000000000270 /* PBXContainerItemProxy */ = {
			isa = PBXContainerItemProxy;
			containerPortal = 000000000000000000000000 /* Project object */;
			proxyType = 1;
			remoteGlobalIDString = 000000000000000100000000;
			remoteInfo = MannerPath;
		};
		3F1AF78B305EFE5300984937 /* PBXContainerItemProxy */ = {
			isa = PBXContainerItemProxy;
			containerPortal = 000000000000000000000000 /* Project object */;
			proxyType = 1;
			remoteGlobalIDString = 3F1AF77A305EFE5100984937;
			remoteInfo = "MannerPathWatch Watch App";
		};
		3F1AF795305EFE5300984937 /* PBXContainerItemProxy */ = {
			isa = PBXContainerItemProxy;
			containerPortal = 000000000000000000000000 /* Project object */;
			proxyType = 1;
			remoteGlobalIDString = 3F1AF77A305EFE5100984937;
			remoteInfo = "MannerPathWatch Watch App";
		};
/* End PBXContainerItemProxy section */

/* Begin PBXCopyFilesBuildPhase section */
		000000000000000000000170 /* Embed Watch Content */ = {
			isa = PBXCopyFilesBuildPhase;
			buildActionMask = 2147483647;
			dstPath = "$(CONTENTS_FOLDER_PATH)/Watch";
			dstSubfolderSpec = 16;
			files = (
				000000000000000000000150 /* MannerPathWatch Watch App.app in Embed Watch Content */,
			);
			name = "Embed Watch Content";
			runOnlyForDeploymentPostprocessing = 0;
		};
/* End PBXCopyFilesBuildPhase section */

/* Begin PBXFileReference section */
		000000000000000000000120 /* MannerPath.app */ = {isa = PBXFileReference; explicitFileType = wrapper.application; includeInIndex = 0; path = MannerPath.app; sourceTree = BUILT_PRODUCTS_DIR; };
		000000000000000000000210 /* MannerPathTests.xctest */ = {isa = PBXFileReference; explicitFileType = wrapper.cfbundle; includeInIndex = 0; path = MannerPathTests.xctest; sourceTree = BUILT_PRODUCTS_DIR; };
		000000000000000000000300 /* slippy-xyz-vectors.v1.json */ = {isa = PBXFileReference; lastKnownFileType = text.json; path = ../../../contracts/tiles/slippy-xyz-vectors.v1.json; sourceTree = SOURCE_ROOT; };
		000000000000000000000301 /* client-data-vectors.v1.json */ = {isa = PBXFileReference; lastKnownFileType = text.json; path = "../../../contracts/app-attest/client-data-vectors.v1.json"; sourceTree = SOURCE_ROOT; };
		000000000000000000000302 /* MannerPath.entitlements */ = {isa = PBXFileReference; lastKnownFileType = text.plist.entitlements; path = MannerPath.entitlements; sourceTree = "<group>"; };
		3F1AF77B305EFE5100984937 /* MannerPathWatch Watch App.app */ = {isa = PBXFileReference; explicitFileType = wrapper.application; includeInIndex = 0; path = "MannerPathWatch Watch App.app"; sourceTree = BUILT_PRODUCTS_DIR; };
		3F1AF78A305EFE5200984937 /* MannerPathWatch Watch AppTests.xctest */ = {isa = PBXFileReference; explicitFileType = wrapper.cfbundle; includeInIndex = 0; path = "MannerPathWatch Watch AppTests.xctest"; sourceTree = BUILT_PRODUCTS_DIR; };
		3F1AF794305EFE5300984937 /* MannerPathWatch Watch AppUITests.xctest */ = {isa = PBXFileReference; explicitFileType = wrapper.cfbundle; includeInIndex = 0; path = "MannerPathWatch Watch AppUITests.xctest"; sourceTree = BUILT_PRODUCTS_DIR; };
/* End PBXFileReference section */

/* Begin PBXFileSystemSynchronizedRootGroup section */
		000000000000000000000010 /* MannerPath */ = {
			isa = PBXFileSystemSynchronizedRootGroup;
			path = MannerPath;
			sourceTree = "<group>";
		};
		000000000000000000000220 /* MannerPathTests */ = {
			isa = PBXFileSystemSynchronizedRootGroup;
			path = MannerPathTests;
			sourceTree = "<group>";
		};
		3F1AF77F305EFE5100984937 /* MannerPathWatch Watch App */ = {
			isa = PBXFileSystemSynchronizedRootGroup;
			path = "MannerPathWatch Watch App";
			sourceTree = "<group>";
		};
		000000000000000000000320 /* MannerPathWatchShared */ = {
			isa = PBXFileSystemSynchronizedRootGroup;
			path = MannerPathWatchShared;
			sourceTree = "<group>";
		};
		3F1AF78D305EFE5300984937 /* MannerPathWatch Watch AppTests */ = {
			isa = PBXFileSystemSynchronizedRootGroup;
			path = "MannerPathWatch Watch AppTests";
			sourceTree = "<group>";
		};
		3F1AF797305EFE5300984937 /* MannerPathWatch Watch AppUITests */ = {
			isa = PBXFileSystemSynchronizedRootGroup;
			path = "MannerPathWatch Watch AppUITests";
			sourceTree = "<group>";
		};
/* End PBXFileSystemSynchronizedRootGroup section */

/* Begin PBXFrameworksBuildPhase section */
		000000000000000130000000 /* Frameworks */ = {
			isa = PBXFrameworksBuildPhase;
			files = (
				4E7D6A010000000000000001 /* GRDB in Frameworks */,
			);
		};
		000000000000000000000250 /* Frameworks */ = {
			isa = PBXFrameworksBuildPhase;
			files = (
			);
		};
		3F1AF778305EFE5100984937 /* Frameworks */ = {
			isa = PBXFrameworksBuildPhase;
			files = (
			);
		};
		3F1AF787305EFE5200984937 /* Frameworks */ = {
			isa = PBXFrameworksBuildPhase;
			files = (
			);
		};
		3F1AF791305EFE5300984937 /* Frameworks */ = {
			isa = PBXFrameworksBuildPhase;
			files = (
			);
		};
/* End PBXFrameworksBuildPhase section */

/* Begin PBXGroup section */
		000000000000000000000001 = {
			isa = PBXGroup;
			children = (
				000000000000000000000010 /* MannerPath */,
				000000000000000000000220 /* MannerPathTests */,
				000000000000000000000300 /* slippy-xyz-vectors.v1.json */,
				000000000000000000000301 /* client-data-vectors.v1.json */,
				000000000000000000000302 /* MannerPath.entitlements */,
				3F1AF77F305EFE5100984937 /* MannerPathWatch Watch App */,
				000000000000000000000320 /* MannerPathWatchShared */,
				3F1AF78D305EFE5300984937 /* MannerPathWatch Watch AppTests */,
				3F1AF797305EFE5300984937 /* MannerPathWatch Watch AppUITests */,
				000000000000000000000020 /* Products */,
			);
			sourceTree = "<group>";
		};
		000000000000000000000020 /* Products */ = {
			isa = PBXGroup;
			children = (
				000000000000000000000120 /* MannerPath.app */,
				000000000000000000000210 /* MannerPathTests.xctest */,
				3F1AF77B305EFE5100984937 /* MannerPathWatch Watch App.app */,
				3F1AF78A305EFE5200984937 /* MannerPathWatch Watch AppTests.xctest */,
				3F1AF794305EFE5300984937 /* MannerPathWatch Watch AppUITests.xctest */,
			);
			name = Products;
			sourceTree = "<group>";
		};
/* End PBXGroup section */

/* Begin PBXNativeTarget section */
		000000000000000100000000 /* MannerPath */ = {
			isa = PBXNativeTarget;
			buildConfigurationList = 000000000000000110000000 /* Build configuration list for PBXNativeTarget "MannerPath" */;
			buildPhases = (
				000000000000000120000000 /* Sources */,
				000000000000000130000000 /* Frameworks */,
				000000000000000140000000 /* Resources */,
				000000000000000000000170 /* Embed Watch Content */,
			);
			buildRules = (
			);
			dependencies = (
				000000000000000000000180 /* PBXTargetDependency */,
			);
			fileSystemSynchronizedGroups = (
				000000000000000000000010 /* MannerPath */,
				000000000000000000000320 /* MannerPathWatchShared */,
			);
			name = MannerPath;
			packageProductDependencies = (
				4E7D6A010000000000000003 /* GRDB */,
			);
			productName = MyApp;
			productReference = 000000000000000000000120 /* MannerPath.app */;
			productType = "com.apple.product-type.application";
		};
		000000000000000000000230 /* MannerPathTests */ = {
			isa = PBXNativeTarget;
			buildConfigurationList = 0000000000000000000002B0 /* Build configuration list for PBXNativeTarget "MannerPathTests" */;
			buildPhases = (
				000000000000000000000240 /* Sources */,
				000000000000000000000250 /* Frameworks */,
				000000000000000000000260 /* Resources */,
			);
			buildRules = (
			);
			dependencies = (
				000000000000000000000280 /* PBXTargetDependency */,
			);
			fileSystemSynchronizedGroups = (
				000000000000000000000220 /* MannerPathTests */,
			);
			name = MannerPathTests;
			productName = MannerPathTests;
			productReference = 000000000000000000000210 /* MannerPathTests.xctest */;
			productType = "com.apple.product-type.bundle.unit-test";
		};
		3F1AF77A305EFE5100984937 /* MannerPathWatch Watch App */ = {
			isa = PBXNativeTarget;
			buildConfigurationList = 3F1AF7A3305EFE5300984937 /* Build configuration list for PBXNativeTarget "MannerPathWatch Watch App" */;
			buildPhases = (
				3F1AF777305EFE5100984937 /* Sources */,
				3F1AF778305EFE5100984937 /* Frameworks */,
				3F1AF779305EFE5100984937 /* Resources */,
			);
			buildRules = (
			);
			fileSystemSynchronizedGroups = (
				3F1AF77F305EFE5100984937 /* MannerPathWatch Watch App */,
				000000000000000000000320 /* MannerPathWatchShared */,
			);
			name = "MannerPathWatch Watch App";
			productName = "MannerPathWatch Watch App";
			productReference = 3F1AF77B305EFE5100984937 /* MannerPathWatch Watch App.app */;
			productType = "com.apple.product-type.application";
		};
		3F1AF789305EFE5200984937 /* MannerPathWatch Watch AppTests */ = {
			isa = PBXNativeTarget;
			buildConfigurationList = 3F1AF7A5305EFE5300984937 /* Build configuration list for PBXNativeTarget "MannerPathWatch Watch AppTests" */;
			buildPhases = (
				3F1AF786305EFE5200984937 /* Sources */,
				3F1AF787305EFE5200984937 /* Frameworks */,
				3F1AF788305EFE5200984937 /* Resources */,
			);
			buildRules = (
			);
			dependencies = (
				3F1AF78C305EFE5300984937 /* PBXTargetDependency */,
			);
			fileSystemSynchronizedGroups = (
				3F1AF78D305EFE5300984937 /* MannerPathWatch Watch AppTests */,
			);
			name = "MannerPathWatch Watch AppTests";
			productName = "MannerPathWatch Watch AppTests";
			productReference = 3F1AF78A305EFE5200984937 /* MannerPathWatch Watch AppTests.xctest */;
			productType = "com.apple.product-type.bundle.unit-test";
		};
		3F1AF793305EFE5300984937 /* MannerPathWatch Watch AppUITests */ = {
			isa = PBXNativeTarget;
			buildConfigurationList = 3F1AF7A6305EFE5300984937 /* Build configuration list for PBXNativeTarget "MannerPathWatch Watch AppUITests" */;
			buildPhases = (
				3F1AF790305EFE5300984937 /* Sources */,
				3F1AF791305EFE5300984937 /* Frameworks */,
				3F1AF792305EFE5300984937 /* Resources */,
			);
			buildRules = (
			);
			dependencies = (
				3F1AF796305EFE5300984937 /* PBXTargetDependency */,
			);
			fileSystemSynchronizedGroups = (
				3F1AF797305EFE5300984937 /* MannerPathWatch Watch AppUITests */,
			);
			name = "MannerPathWatch Watch AppUITests";
			productName = "MannerPathWatch Watch AppUITests";
			productReference = 3F1AF794305EFE5300984937 /* MannerPathWatch Watch AppUITests.xctest */;
			productType = "com.apple.product-type.bundle.ui-testing";
		};
/* End PBXNativeTarget section */

/* Begin PBXProject section */
		000000000000000000000000 /* Project object */ = {
			isa = PBXProject;
			attributes = {
				BuildIndependentTargetsInParallel = 1;
				LastSwiftUpdateCheck = 2700;
				LastUpgradeCheck = 2700;
				TargetAttributes = {
					000000000000000100000000 = {
						CreatedOnToolsVersion = 26.3;
					};
					000000000000000000000230 = {
						CreatedOnToolsVersion = 27.0;
						TestTargetID = 000000000000000100000000;
					};
					3F1AF77A305EFE5100984937 = {
						CreatedOnToolsVersion = 27.0;
					};
					3F1AF789305EFE5200984937 = {
						CreatedOnToolsVersion = 27.0;
						TestTargetID = 3F1AF77A305EFE5100984937;
					};
					3F1AF793305EFE5300984937 = {
						CreatedOnToolsVersion = 27.0;
						TestTargetID = 3F1AF77A305EFE5100984937;
					};
				};
			};
			buildConfigurationList = 000000000000000010000000 /* Build configuration list for PBXProject "MannerPath" */;
			developmentRegion = en;
			hasScannedForEncodings = 0;
			knownRegions = (
				en,
				ja,
				Base,
			);
			mainGroup = 000000000000000000000001;
			minimizedProjectReferenceProxies = 1;
			packageReferences = (
				4E7D6A010000000000000002 /* XCRemoteSwiftPackageReference "GRDB.swift" */,
			);
			preferredProjectObjectVersion = 90;
			productRefGroup = 000000000000000000000020 /* Products */;
			projectDirPath = "";
			projectRoot = "";
			targets = (
				000000000000000100000000 /* MannerPath */,
				000000000000000000000230 /* MannerPathTests */,
				3F1AF77A305EFE5100984937 /* MannerPathWatch Watch App */,
				3F1AF789305EFE5200984937 /* MannerPathWatch Watch AppTests */,
				3F1AF793305EFE5300984937 /* MannerPathWatch Watch AppUITests */,
			);
		};
/* End PBXProject section */

/* Begin PBXResourcesBuildPhase section */
		000000000000000140000000 /* Resources */ = {
			isa = PBXResourcesBuildPhase;
			files = (
			);
		};
		000000000000000000000260 /* Resources */ = {
			isa = PBXResourcesBuildPhase;
			files = (
				000000000000000000000310 /* slippy-xyz-vectors.v1.json in Resources */,
				000000000000000000000311 /* client-data-vectors.v1.json in Resources */,
			);
		};
		3F1AF779305EFE5100984937 /* Resources */ = {
			isa = PBXResourcesBuildPhase;
			files = (
			);
		};
		3F1AF788305EFE5200984937 /* Resources */ = {
			isa = PBXResourcesBuildPhase;
			files = (
			);
		};
		3F1AF792305EFE5300984937 /* Resources */ = {
			isa = PBXResourcesBuildPhase;
			files = (
			);
		};
/* End PBXResourcesBuildPhase section */

/* Begin PBXSourcesBuildPhase section */
		000000000000000120000000 /* Sources */ = {
			isa = PBXSourcesBuildPhase;
			files = (
			);
		};
		000000000000000000000240 /* Sources */ = {
			isa = PBXSourcesBuildPhase;
			files = (
			);
		};
		3F1AF777305EFE5100984937 /* Sources */ = {
			isa = PBXSourcesBuildPhase;
			files = (
			);
		};
		3F1AF786305EFE5200984937 /* Sources */ = {
			isa = PBXSourcesBuildPhase;
			files = (
			);
		};
		3F1AF790305EFE5300984937 /* Sources */ = {
			isa = PBXSourcesBuildPhase;
			files = (
			);
		};
/* End PBXSourcesBuildPhase section */

/* Begin PBXTargetDependency section */
		000000000000000000000180 /* PBXTargetDependency */ = {
			isa = PBXTargetDependency;
			target = 3F1AF77A305EFE5100984937 /* MannerPathWatch Watch App */;
			targetProxy = 000000000000000000000160 /* PBXContainerItemProxy */;
		};
		000000000000000000000280 /* PBXTargetDependency */ = {
			isa = PBXTargetDependency;
			target = 000000000000000100000000 /* MannerPath */;
			targetProxy = 000000000000000000000270 /* PBXContainerItemProxy */;
		};
		3F1AF78C305EFE5300984937 /* PBXTargetDependency */ = {
			isa = PBXTargetDependency;
			target = 3F1AF77A305EFE5100984937 /* MannerPathWatch Watch App */;
			targetProxy = 3F1AF78B305EFE5300984937 /* PBXContainerItemProxy */;
		};
		3F1AF796305EFE5300984937 /* PBXTargetDependency */ = {
			isa = PBXTargetDependency;
			target = 3F1AF77A305EFE5100984937 /* MannerPathWatch Watch App */;
			targetProxy = 3F1AF795305EFE5300984937 /* PBXContainerItemProxy */;
		};
/* End PBXTargetDependency section */

/* Begin XCBuildConfiguration section */
		000000000000000011000000 /* Debug configuration for PBXProject "MannerPath" */ = {
			isa = XCBuildConfiguration;
			buildSettings = {
				ALWAYS_SEARCH_USER_PATHS = NO;
				ASSETCATALOG_COMPILER_GENERATE_SWIFT_ASSET_SYMBOL_EXTENSIONS = YES;
				CLANG_ANALYZER_NONNULL = YES;
				CLANG_ANALYZER_NUMBER_OBJECT_CONVERSION = YES_AGGRESSIVE;
				CLANG_CXX_LANGUAGE_STANDARD = "gnu++20";
				CLANG_ENABLE_MODULES = YES;
				CLANG_ENABLE_OBJC_ARC = YES;
				CLANG_ENABLE_OBJC_WEAK = YES;
				CLANG_WARN_BLOCK_CAPTURE_AUTORELEASING = YES;
				CLANG_WARN_BOOL_CONVERSION = YES;
				CLANG_WARN_COMMA = YES;
				CLANG_WARN_CONSTANT_CONVERSION = YES;
				CLANG_WARN_DEPRECATED_OBJC_IMPLEMENTATIONS = YES;
				CLANG_WARN_DIRECT_OBJC_ISA_USAGE = YES_ERROR;
				CLANG_WARN_DOCUMENTATION_COMMENTS = YES;
				CLANG_WARN_EMPTY_BODY = YES;
				CLANG_WARN_ENUM_CONVERSION = YES;
				CLANG_WARN_INFINITE_RECURSION = YES;
				CLANG_WARN_INT_CONVERSION = YES;
				CLANG_WARN_NON_LITERAL_NULL_CONVERSION = YES;
				CLANG_WARN_OBJC_IMPLICIT_RETAIN_SELF = YES;
				CLANG_WARN_OBJC_LITERAL_CONVERSION = YES;
				CLANG_WARN_OBJC_ROOT_CLASS = YES_ERROR;
				CLANG_WARN_QUOTED_INCLUDE_IN_FRAMEWORK_HEADER = YES;
				CLANG_WARN_RANGE_LOOP_ANALYSIS = YES;
				CLANG_WARN_STRICT_PROTOTYPES = YES;
				CLANG_WARN_SUSPICIOUS_MOVE = YES;
				CLANG_WARN_UNGUARDED_AVAILABILITY = YES_AGGRESSIVE;
				CLANG_WARN_UNREACHABLE_CODE = YES;
				CLANG_WARN__DUPLICATE_METHOD_MATCH = YES;
				COPY_PHASE_STRIP = NO;
				DEAD_CODE_STRIPPING = YES;
				DEBUG_INFORMATION_FORMAT = dwarf;
				DRIVERKIT_DEPLOYMENT_TARGET = 27.0;
				ENABLE_STRICT_OBJC_MSGSEND = YES;
				ENABLE_TESTABILITY = YES;
				ENABLE_USER_SCRIPT_SANDBOXING = YES;
				GCC_C_LANGUAGE_STANDARD = gnu17;
				GCC_DYNAMIC_NO_PIC = NO;
				GCC_NO_COMMON_BLOCKS = YES;
				GCC_OPTIMIZATION_LEVEL = 0;
				GCC_PREPROCESSOR_DEFINITIONS = (
					"DEBUG=1",
					"$(inherited)",
				);
				GCC_WARN_64_TO_32_BIT_CONVERSION = YES;
				GCC_WARN_ABOUT_RETURN_TYPE = YES_ERROR;
				GCC_WARN_UNDECLARED_SELECTOR = YES;
				GCC_WARN_UNINITIALIZED_AUTOS = YES_AGGRESSIVE;
				GCC_WARN_UNUSED_FUNCTION = YES;
				GCC_WARN_UNUSED_VARIABLE = YES;
				IPHONEOS_DEPLOYMENT_TARGET = 18.0;
				LOCALIZATION_PREFERS_STRING_CATALOGS = YES;
				MACOSX_DEPLOYMENT_TARGET = 26.6.2;
				MTL_ENABLE_DEBUG_INFO = INCLUDE_SOURCE;
				MTL_FAST_MATH = YES;
				ONLY_ACTIVE_ARCH = YES;
				PROJECT_UNIQUE_VALUE = X5JHHZN0;
				STRING_CATALOG_GENERATE_SYMBOLS = YES;
				SWIFT_ACTIVE_COMPILATION_CONDITIONS = "DEBUG $(inherited)";
				SWIFT_OPTIMIZATION_LEVEL = "-Onone";
				TVOS_DEPLOYMENT_TARGET = 27.0;
				WATCHOS_DEPLOYMENT_TARGET = 11.0;
				XROS_DEPLOYMENT_TARGET = 27.0;
			};
			name = Debug;
		};
		000000000000000012000000 /* Release configuration for PBXProject "MannerPath" */ = {
			isa = XCBuildConfiguration;
			buildSettings = {
				ALWAYS_SEARCH_USER_PATHS = NO;
				ASSETCATALOG_COMPILER_GENERATE_SWIFT_ASSET_SYMBOL_EXTENSIONS = YES;
				CLANG_ANALYZER_NONNULL = YES;
				CLANG_ANALYZER_NUMBER_OBJECT_CONVERSION = YES_AGGRESSIVE;
				CLANG_CXX_LANGUAGE_STANDARD = "gnu++20";
				CLANG_ENABLE_MODULES = YES;
				CLANG_ENABLE_OBJC_ARC = YES;
				CLANG_ENABLE_OBJC_WEAK = YES;
				CLANG_WARN_BLOCK_CAPTURE_AUTORELEASING = YES;
				CLANG_WARN_BOOL_CONVERSION = YES;
				CLANG_WARN_COMMA = YES;
				CLANG_WARN_CONSTANT_CONVERSION = YES;
				CLANG_WARN_DEPRECATED_OBJC_IMPLEMENTATIONS = YES;
				CLANG_WARN_DIRECT_OBJC_ISA_USAGE = YES_ERROR;
				CLANG_WARN_DOCUMENTATION_COMMENTS = YES;
				CLANG_WARN_EMPTY_BODY = YES;
				CLANG_WARN_ENUM_CONVERSION = YES;
				CLANG_WARN_INFINITE_RECURSION = YES;
				CLANG_WARN_INT_CONVERSION = YES;
				CLANG_WARN_NON_LITERAL_NULL_CONVERSION = YES;
				CLANG_WARN_OBJC_IMPLICIT_RETAIN_SELF = YES;
				CLANG_WARN_OBJC_LITERAL_CONVERSION = YES;
				CLANG_WARN_OBJC_ROOT_CLASS = YES_ERROR;
				CLANG_WARN_QUOTED_INCLUDE_IN_FRAMEWORK_HEADER = YES;
				CLANG_WARN_RANGE_LOOP_ANALYSIS = YES;
				CLANG_WARN_STRICT_PROTOTYPES = YES;
				CLANG_WARN_SUSPICIOUS_MOVE = YES;
				CLANG_WARN_UNGUARDED_AVAILABILITY = YES_AGGRESSIVE;
				CLANG_WARN_UNREACHABLE_CODE = YES;
				CLANG_WARN__DUPLICATE_METHOD_MATCH = YES;
				COPY_PHASE_STRIP = NO;
				DEAD_CODE_STRIPPING = YES;
				DEBUG_INFORMATION_FORMAT = "dwarf-with-dsym";
				DRIVERKIT_DEPLOYMENT_TARGET = 27.0;
				ENABLE_NS_ASSERTIONS = NO;
				ENABLE_STRICT_OBJC_MSGSEND = YES;
				ENABLE_USER_SCRIPT_SANDBOXING = YES;
				GCC_C_LANGUAGE_STANDARD = gnu17;
				GCC_NO_COMMON_BLOCKS = YES;
				GCC_WARN_64_TO_32_BIT_CONVERSION = YES;
				GCC_WARN_ABOUT_RETURN_TYPE = YES_ERROR;
				GCC_WARN_UNDECLARED_SELECTOR = YES;
				GCC_WARN_UNINITIALIZED_AUTOS = YES_AGGRESSIVE;
				GCC_WARN_UNUSED_FUNCTION = YES;
				GCC_WARN_UNUSED_VARIABLE = YES;
				IPHONEOS_DEPLOYMENT_TARGET = 18.0;
				LOCALIZATION_PREFERS_STRING_CATALOGS = YES;
				MACOSX_DEPLOYMENT_TARGET = 26.6.2;
				MTL_ENABLE_DEBUG_INFO = NO;
				MTL_FAST_MATH = YES;
				PROJECT_UNIQUE_VALUE = X5JHHZN0;
				STRING_CATALOG_GENERATE_SYMBOLS = YES;
				SWIFT_COMPILATION_MODE = wholemodule;
				TVOS_DEPLOYMENT_TARGET = 27.0;
				WATCHOS_DEPLOYMENT_TARGET = 11.0;
				XROS_DEPLOYMENT_TARGET = 27.0;
			};
			name = Release;
		};
		000000000000000111000000 /* Debug configuration for PBXNativeTarget "MannerPath" */ = {
			isa = XCBuildConfiguration;
			buildSettings = {
				CODE_SIGN_ENTITLEMENTS = MannerPath.entitlements;
				CODE_SIGN_STYLE = Automatic;
				CURRENT_PROJECT_VERSION = 1;
				DEVELOPMENT_TEAM = 58A7G4U27M;
				ENABLE_APP_SANDBOX = YES;
				ENABLE_PREVIEWS = YES;
				ENABLE_USER_SELECTED_FILES = readonly;
				GENERATE_INFOPLIST_FILE = YES;
				INFOPLIST_KEY_CFBundleDisplayName = MannerPath;
				INFOPLIST_KEY_MannerPathAPIBaseURL = "$(MANNERPATH_API_BASE_URL)";
				INFOPLIST_KEY_NSLocationWhenInUseUsageDescription = "Your location ranks nearby permitted smoking locations by straight-line distance on this device.";
				"INFOPLIST_KEY_UIApplicationSceneManifest_Generation[sdk=iphoneos*]" = YES;
				"INFOPLIST_KEY_UIApplicationSceneManifest_Generation[sdk=iphonesimulator*]" = YES;
				"INFOPLIST_KEY_UIApplicationSupportsIndirectInputEvents[sdk=iphoneos*]" = YES;
				"INFOPLIST_KEY_UIApplicationSupportsIndirectInputEvents[sdk=iphonesimulator*]" = YES;
				"INFOPLIST_KEY_UILaunchScreen_Generation[sdk=iphoneos*]" = YES;
				"INFOPLIST_KEY_UILaunchScreen_Generation[sdk=iphonesimulator*]" = YES;
				"INFOPLIST_KEY_UIStatusBarStyle[sdk=iphoneos*]" = UIStatusBarStyleDefault;
				"INFOPLIST_KEY_UIStatusBarStyle[sdk=iphonesimulator*]" = UIStatusBarStyleDefault;
				INFOPLIST_KEY_UISupportedInterfaceOrientations_iPad = "UIInterfaceOrientationPortrait UIInterfaceOrientationPortraitUpsideDown UIInterfaceOrientationLandscapeLeft UIInterfaceOrientationLandscapeRight";
				INFOPLIST_KEY_UISupportedInterfaceOrientations_iPhone = "UIInterfaceOrientationPortrait UIInterfaceOrientationLandscapeLeft UIInterfaceOrientationLandscapeRight";
				IPHONEOS_DEPLOYMENT_TARGET = 18.0;
				LD_RUNPATH_SEARCH_PATHS = "@executable_path/Frameworks";
				"LD_RUNPATH_SEARCH_PATHS[sdk=macosx*]" = "@executable_path/../Frameworks";
				MARKETING_VERSION = 1.0;
				PRODUCT_BUNDLE_IDENTIFIER = com.kounishiyuuki.MannerPath;
				PRODUCT_NAME = "$(TARGET_NAME)";
				REGISTER_APP_GROUPS = YES;
				SDKROOT = auto;
				STRING_CATALOG_GENERATE_SYMBOLS = YES;
				SUPPORTED_PLATFORMS = "iphoneos iphonesimulator";
				SUPPORTS_MACCATALYST = NO;
				SWIFT_APPROACHABLE_CONCURRENCY = YES;
				SWIFT_DEFAULT_ACTOR_ISOLATION = MainActor;
				SWIFT_EMIT_LOC_STRINGS = YES;
				SWIFT_UPCOMING_FEATURE_MEMBER_IMPORT_VISIBILITY = YES;
				SWIFT_VERSION = 6.0;
				TARGETED_DEVICE_FAMILY = "1,2";
			};
			name = Debug;
		};
		000000000000000112000000 /* Release configuration for PBXNativeTarget "MannerPath" */ = {
			isa = XCBuildConfiguration;
			buildSettings = {
				CODE_SIGN_ENTITLEMENTS = MannerPath.entitlements;
				CODE_SIGN_STYLE = Automatic;
				CURRENT_PROJECT_VERSION = 1;
				DEVELOPMENT_TEAM = 58A7G4U27M;
				ENABLE_APP_SANDBOX = YES;
				ENABLE_PREVIEWS = YES;
				ENABLE_USER_SELECTED_FILES = readonly;
				GENERATE_INFOPLIST_FILE = YES;
				INFOPLIST_KEY_CFBundleDisplayName = MannerPath;
				INFOPLIST_KEY_MannerPathAPIBaseURL = "$(MANNERPATH_API_BASE_URL)";
				INFOPLIST_KEY_NSLocationWhenInUseUsageDescription = "Your location ranks nearby permitted smoking locations by straight-line distance on this device.";
				"INFOPLIST_KEY_UIApplicationSceneManifest_Generation[sdk=iphoneos*]" = YES;
				"INFOPLIST_KEY_UIApplicationSceneManifest_Generation[sdk=iphonesimulator*]" = YES;
				"INFOPLIST_KEY_UIApplicationSupportsIndirectInputEvents[sdk=iphoneos*]" = YES;
				"INFOPLIST_KEY_UIApplicationSupportsIndirectInputEvents[sdk=iphonesimulator*]" = YES;
				"INFOPLIST_KEY_UILaunchScreen_Generation[sdk=iphoneos*]" = YES;
				"INFOPLIST_KEY_UILaunchScreen_Generation[sdk=iphonesimulator*]" = YES;
				"INFOPLIST_KEY_UIStatusBarStyle[sdk=iphoneos*]" = UIStatusBarStyleDefault;
				"INFOPLIST_KEY_UIStatusBarStyle[sdk=iphonesimulator*]" = UIStatusBarStyleDefault;
				INFOPLIST_KEY_UISupportedInterfaceOrientations_iPad = "UIInterfaceOrientationPortrait UIInterfaceOrientationPortraitUpsideDown UIInterfaceOrientationLandscapeLeft UIInterfaceOrientationLandscapeRight";
				INFOPLIST_KEY_UISupportedInterfaceOrientations_iPhone = "UIInterfaceOrientationPortrait UIInterfaceOrientationLandscapeLeft UIInterfaceOrientationLandscapeRight";
				IPHONEOS_DEPLOYMENT_TARGET = 18.0;
				LD_RUNPATH_SEARCH_PATHS = "@executable_path/Frameworks";
				"LD_RUNPATH_SEARCH_PATHS[sdk=macosx*]" = "@executable_path/../Frameworks";
				MARKETING_VERSION = 1.0;
				PRODUCT_BUNDLE_IDENTIFIER = com.kounishiyuuki.MannerPath;
				PRODUCT_NAME = "$(TARGET_NAME)";
				REGISTER_APP_GROUPS = YES;
				SDKROOT = auto;
				STRING_CATALOG_GENERATE_SYMBOLS = YES;
				SUPPORTED_PLATFORMS = "iphoneos iphonesimulator";
				SUPPORTS_MACCATALYST = NO;
				SWIFT_APPROACHABLE_CONCURRENCY = YES;
				SWIFT_DEFAULT_ACTOR_ISOLATION = MainActor;
				SWIFT_EMIT_LOC_STRINGS = YES;
				SWIFT_UPCOMING_FEATURE_MEMBER_IMPORT_VISIBILITY = YES;
				SWIFT_VERSION = 6.0;
				TARGETED_DEVICE_FAMILY = "1,2";
			};
			name = Release;
		};
		000000000000000000000290 /* Debug configuration for PBXNativeTarget "MannerPathTests" */ = {
			isa = XCBuildConfiguration;
			buildSettings = {
				BUNDLE_LOADER = "$(TEST_HOST)";
				CODE_SIGN_STYLE = Automatic;
				CURRENT_PROJECT_VERSION = 1;
				GENERATE_INFOPLIST_FILE = YES;
				IPHONEOS_DEPLOYMENT_TARGET = 18.0;
				MARKETING_VERSION = 1.0;
				PRODUCT_BUNDLE_IDENTIFIER = com.kounishiyuuki.MannerPathTests;
				PRODUCT_NAME = "$(TARGET_NAME)";
				SDKROOT = iphoneos;
				STRING_CATALOG_GENERATE_SYMBOLS = NO;
				SWIFT_APPROACHABLE_CONCURRENCY = YES;
				SWIFT_DEFAULT_ACTOR_ISOLATION = MainActor;
				SWIFT_EMIT_LOC_STRINGS = NO;
				SWIFT_UPCOMING_FEATURE_MEMBER_IMPORT_VISIBILITY = YES;
				SWIFT_VERSION = 6.0;
				TARGETED_DEVICE_FAMILY = "1,2";
				TEST_HOST = "$(BUILT_PRODUCTS_DIR)/MannerPath.app/$(BUNDLE_EXECUTABLE_FOLDER_PATH)/MannerPath";
			};
			name = Debug;
		};
		0000000000000000000002A0 /* Release configuration for PBXNativeTarget "MannerPathTests" */ = {
			isa = XCBuildConfiguration;
			buildSettings = {
				BUNDLE_LOADER = "$(TEST_HOST)";
				CODE_SIGN_STYLE = Automatic;
				CURRENT_PROJECT_VERSION = 1;
				GENERATE_INFOPLIST_FILE = YES;
				IPHONEOS_DEPLOYMENT_TARGET = 18.0;
				MARKETING_VERSION = 1.0;
				PRODUCT_BUNDLE_IDENTIFIER = com.kounishiyuuki.MannerPathTests;
				PRODUCT_NAME = "$(TARGET_NAME)";
				SDKROOT = iphoneos;
				STRING_CATALOG_GENERATE_SYMBOLS = NO;
				SWIFT_APPROACHABLE_CONCURRENCY = YES;
				SWIFT_DEFAULT_ACTOR_ISOLATION = MainActor;
				SWIFT_EMIT_LOC_STRINGS = NO;
				SWIFT_UPCOMING_FEATURE_MEMBER_IMPORT_VISIBILITY = YES;
				SWIFT_VERSION = 6.0;
				TARGETED_DEVICE_FAMILY = "1,2";
				TEST_HOST = "$(BUILT_PRODUCTS_DIR)/MannerPath.app/$(BUNDLE_EXECUTABLE_FOLDER_PATH)/MannerPath";
				VALIDATE_PRODUCT = YES;
			};
			name = Release;
		};
		3F1AF79D305EFE5300984937 /* Debug configuration for PBXNativeTarget "MannerPathWatch Watch App" */ = {
			isa = XCBuildConfiguration;
			buildSettings = {
				ASSETCATALOG_COMPILER_APPICON_NAME = AppIcon;
				ASSETCATALOG_COMPILER_GLOBAL_ACCENT_COLOR_NAME = AccentColor;
				CODE_SIGN_STYLE = Automatic;
				CURRENT_PROJECT_VERSION = 1;
				DEVELOPMENT_TEAM = 58A7G4U27M;
				ENABLE_PREVIEWS = YES;
				GENERATE_INFOPLIST_FILE = YES;
				INFOPLIST_KEY_CFBundleDisplayName = MannerPathWatch;
				INFOPLIST_KEY_NSLocationWhenInUseUsageDescription = "Your Watch location ranks saved permitted places and calculates straight-line distance and bearing on this device.";
				INFOPLIST_KEY_UISupportedInterfaceOrientations = "UIInterfaceOrientationPortrait UIInterfaceOrientationPortraitUpsideDown";
				INFOPLIST_KEY_WKCompanionAppBundleIdentifier = com.kounishiyuuki.MannerPath;
				LD_RUNPATH_SEARCH_PATHS = (
					"$(inherited)",
					"@executable_path/Frameworks",
				);
				MARKETING_VERSION = 1.0;
				PRODUCT_BUNDLE_IDENTIFIER = com.kounishiyuuki.MannerPath.watchkitapp;
				PRODUCT_NAME = "$(TARGET_NAME)";
				SDKROOT = watchos;
				SKIP_INSTALL = YES;
				STRING_CATALOG_GENERATE_SYMBOLS = YES;
				SWIFT_APPROACHABLE_CONCURRENCY = YES;
				SWIFT_DEFAULT_ACTOR_ISOLATION = MainActor;
				SWIFT_EMIT_LOC_STRINGS = YES;
				SWIFT_UPCOMING_FEATURE_MEMBER_IMPORT_VISIBILITY = YES;
				SWIFT_VERSION = 6.0;
				TARGETED_DEVICE_FAMILY = 4;
				WATCHOS_DEPLOYMENT_TARGET = 11.0;
			};
			name = Debug;
		};
		3F1AF79E305EFE5300984937 /* Release configuration for PBXNativeTarget "MannerPathWatch Watch App" */ = {
			isa = XCBuildConfiguration;
			buildSettings = {
				ASSETCATALOG_COMPILER_APPICON_NAME = AppIcon;
				ASSETCATALOG_COMPILER_GLOBAL_ACCENT_COLOR_NAME = AccentColor;
				CODE_SIGN_STYLE = Automatic;
				CURRENT_PROJECT_VERSION = 1;
				DEVELOPMENT_TEAM = 58A7G4U27M;
				ENABLE_PREVIEWS = YES;
				GENERATE_INFOPLIST_FILE = YES;
				INFOPLIST_KEY_CFBundleDisplayName = MannerPathWatch;
				INFOPLIST_KEY_NSLocationWhenInUseUsageDescription = "Your Watch location ranks saved permitted places and calculates straight-line distance and bearing on this device.";
				INFOPLIST_KEY_UISupportedInterfaceOrientations = "UIInterfaceOrientationPortrait UIInterfaceOrientationPortraitUpsideDown";
				INFOPLIST_KEY_WKCompanionAppBundleIdentifier = com.kounishiyuuki.MannerPath;
				LD_RUNPATH_SEARCH_PATHS = (
					"$(inherited)",
					"@executable_path/Frameworks",
				);
				MARKETING_VERSION = 1.0;
				PRODUCT_BUNDLE_IDENTIFIER = com.kounishiyuuki.MannerPath.watchkitapp;
				PRODUCT_NAME = "$(TARGET_NAME)";
				SDKROOT = watchos;
				SKIP_INSTALL = YES;
				STRING_CATALOG_GENERATE_SYMBOLS = YES;
				SWIFT_APPROACHABLE_CONCURRENCY = YES;
				SWIFT_DEFAULT_ACTOR_ISOLATION = MainActor;
				SWIFT_EMIT_LOC_STRINGS = YES;
				SWIFT_UPCOMING_FEATURE_MEMBER_IMPORT_VISIBILITY = YES;
				SWIFT_VERSION = 6.0;
				TARGETED_DEVICE_FAMILY = 4;
				VALIDATE_PRODUCT = YES;
				WATCHOS_DEPLOYMENT_TARGET = 11.0;
			};
			name = Release;
		};
		3F1AF79F305EFE5300984937 /* Debug configuration for PBXNativeTarget "MannerPathWatch Watch AppTests" */ = {
			isa = XCBuildConfiguration;
			buildSettings = {
				BUNDLE_LOADER = "$(TEST_HOST)";
				CODE_SIGN_STYLE = Automatic;
				CURRENT_PROJECT_VERSION = 1;
				GENERATE_INFOPLIST_FILE = YES;
				MARKETING_VERSION = 1.0;
				PRODUCT_BUNDLE_IDENTIFIER = com.kounishiyuuki.MannerPath.watchkitappTests;
				PRODUCT_NAME = "$(TARGET_NAME)";
				SDKROOT = watchos;
				STRING_CATALOG_GENERATE_SYMBOLS = NO;
				SWIFT_APPROACHABLE_CONCURRENCY = YES;
				SWIFT_EMIT_LOC_STRINGS = NO;
				SWIFT_UPCOMING_FEATURE_MEMBER_IMPORT_VISIBILITY = YES;
				SWIFT_VERSION = 6.0;
				TARGETED_DEVICE_FAMILY = 4;
				TEST_HOST = "$(BUILT_PRODUCTS_DIR)/MannerPathWatch Watch App.app/$(BUNDLE_EXECUTABLE_FOLDER_PATH)/MannerPathWatch Watch App";
				WATCHOS_DEPLOYMENT_TARGET = 11.0;
			};
			name = Debug;
		};
		3F1AF7A0305EFE5300984937 /* Release configuration for PBXNativeTarget "MannerPathWatch Watch AppTests" */ = {
			isa = XCBuildConfiguration;
			buildSettings = {
				BUNDLE_LOADER = "$(TEST_HOST)";
				CODE_SIGN_STYLE = Automatic;
				CURRENT_PROJECT_VERSION = 1;
				GENERATE_INFOPLIST_FILE = YES;
				MARKETING_VERSION = 1.0;
				PRODUCT_BUNDLE_IDENTIFIER = com.kounishiyuuki.MannerPath.watchkitappTests;
				PRODUCT_NAME = "$(TARGET_NAME)";
				SDKROOT = watchos;
				STRING_CATALOG_GENERATE_SYMBOLS = NO;
				SWIFT_APPROACHABLE_CONCURRENCY = YES;
				SWIFT_EMIT_LOC_STRINGS = NO;
				SWIFT_UPCOMING_FEATURE_MEMBER_IMPORT_VISIBILITY = YES;
				SWIFT_VERSION = 6.0;
				TARGETED_DEVICE_FAMILY = 4;
				TEST_HOST = "$(BUILT_PRODUCTS_DIR)/MannerPathWatch Watch App.app/$(BUNDLE_EXECUTABLE_FOLDER_PATH)/MannerPathWatch Watch App";
				VALIDATE_PRODUCT = YES;
				WATCHOS_DEPLOYMENT_TARGET = 11.0;
			};
			name = Release;
		};
		3F1AF7A1305EFE5300984937 /* Debug configuration for PBXNativeTarget "MannerPathWatch Watch AppUITests" */ = {
			isa = XCBuildConfiguration;
			buildSettings = {
				CODE_SIGN_STYLE = Automatic;
				CURRENT_PROJECT_VERSION = 1;
				GENERATE_INFOPLIST_FILE = YES;
				MARKETING_VERSION = 1.0;
				PRODUCT_BUNDLE_IDENTIFIER = com.kounishiyuuki.MannerPath.watchkitappUITests;
				PRODUCT_NAME = "$(TARGET_NAME)";
				SDKROOT = watchos;
				STRING_CATALOG_GENERATE_SYMBOLS = NO;
				SWIFT_APPROACHABLE_CONCURRENCY = YES;
				SWIFT_EMIT_LOC_STRINGS = NO;
				SWIFT_UPCOMING_FEATURE_MEMBER_IMPORT_VISIBILITY = YES;
				SWIFT_VERSION = 6.0;
				TARGETED_DEVICE_FAMILY = 4;
				TEST_TARGET_NAME = "MannerPathWatch Watch App";
				WATCHOS_DEPLOYMENT_TARGET = 11.0;
			};
			name = Debug;
		};
		3F1AF7A2305EFE5300984937 /* Release configuration for PBXNativeTarget "MannerPathWatch Watch AppUITests" */ = {
			isa = XCBuildConfiguration;
			buildSettings = {
				CODE_SIGN_STYLE = Automatic;
				CURRENT_PROJECT_VERSION = 1;
				GENERATE_INFOPLIST_FILE = YES;
				MARKETING_VERSION = 1.0;
				PRODUCT_BUNDLE_IDENTIFIER = com.kounishiyuuki.MannerPath.watchkitappUITests;
				PRODUCT_NAME = "$(TARGET_NAME)";
				SDKROOT = watchos;
				STRING_CATALOG_GENERATE_SYMBOLS = NO;
				SWIFT_APPROACHABLE_CONCURRENCY = YES;
				SWIFT_EMIT_LOC_STRINGS = NO;
				SWIFT_UPCOMING_FEATURE_MEMBER_IMPORT_VISIBILITY = YES;
				SWIFT_VERSION = 6.0;
				TARGETED_DEVICE_FAMILY = 4;
				TEST_TARGET_NAME = "MannerPathWatch Watch App";
				VALIDATE_PRODUCT = YES;
				WATCHOS_DEPLOYMENT_TARGET = 11.0;
			};
			name = Release;
		};
/* End XCBuildConfiguration section */

/* Begin XCConfigurationList section */
		000000000000000010000000 /* Build configuration list for PBXProject "MannerPath" */ = {
			isa = XCConfigurationList;
			buildConfigurations = (
				000000000000000011000000 /* Debug configuration for PBXProject "MannerPath" */,
				000000000000000012000000 /* Release configuration for PBXProject "MannerPath" */,
			);
			defaultConfigurationName = Release;
		};
		000000000000000110000000 /* Build configuration list for PBXNativeTarget "MannerPath" */ = {
			isa = XCConfigurationList;
			buildConfigurations = (
				000000000000000111000000 /* Debug configuration for PBXNativeTarget "MannerPath" */,
				000000000000000112000000 /* Release configuration for PBXNativeTarget "MannerPath" */,
			);
			defaultConfigurationName = Release;
		};
		0000000000000000000002B0 /* Build configuration list for PBXNativeTarget "MannerPathTests" */ = {
			isa = XCConfigurationList;
			buildConfigurations = (
				000000000000000000000290 /* Debug configuration for PBXNativeTarget "MannerPathTests" */,
				0000000000000000000002A0 /* Release configuration for PBXNativeTarget "MannerPathTests" */,
			);
			defaultConfigurationIsVisible = 0;
			defaultConfigurationName = Release;
		};
		3F1AF7A3305EFE5300984937 /* Build configuration list for PBXNativeTarget "MannerPathWatch Watch App" */ = {
			isa = XCConfigurationList;
			buildConfigurations = (
				3F1AF79D305EFE5300984937 /* Debug configuration for PBXNativeTarget "MannerPathWatch Watch App" */,
				3F1AF79E305EFE5300984937 /* Release configuration for PBXNativeTarget "MannerPathWatch Watch App" */,
			);
			defaultConfigurationName = Release;
		};
		3F1AF7A5305EFE5300984937 /* Build configuration list for PBXNativeTarget "MannerPathWatch Watch AppTests" */ = {
			isa = XCConfigurationList;
			buildConfigurations = (
				3F1AF79F305EFE5300984937 /* Debug configuration for PBXNativeTarget "MannerPathWatch Watch AppTests" */,
				3F1AF7A0305EFE5300984937 /* Release configuration for PBXNativeTarget "MannerPathWatch Watch AppTests" */,
			);
			defaultConfigurationName = Release;
		};
		3F1AF7A6305EFE5300984937 /* Build configuration list for PBXNativeTarget "MannerPathWatch Watch AppUITests" */ = {
			isa = XCConfigurationList;
			buildConfigurations = (
				3F1AF7A1305EFE5300984937 /* Debug configuration for PBXNativeTarget "MannerPathWatch Watch AppUITests" */,
				3F1AF7A2305EFE5300984937 /* Release configuration for PBXNativeTarget "MannerPathWatch Watch AppUITests" */,
			);
			defaultConfigurationName = Release;
		};
/* End XCConfigurationList section */

/* Begin XCRemoteSwiftPackageReference section */
		4E7D6A010000000000000002 /* XCRemoteSwiftPackageReference "GRDB.swift" */ = {
			isa = XCRemoteSwiftPackageReference;
			repositoryURL = "https://github.com/groue/GRDB.swift.git";
			requirement = {
				kind = exactVersion;
				version = 7.9.0;
			};
		};
/* End XCRemoteSwiftPackageReference section */

/* Begin XCSwiftPackageProductDependency section */
		4E7D6A010000000000000003 /* GRDB */ = {
			isa = XCSwiftPackageProductDependency;
			package = 4E7D6A010000000000000002 /* XCRemoteSwiftPackageReference "GRDB.swift" */;
			productName = GRDB;
		};
/* End XCSwiftPackageProductDependency section */
	};
	rootObject = 000000000000000000000000 /* Project object */;
}
